
Microsoft Visual Studio Solution File, Format Version 12.00
# Visual Studio Version 16
VisualStudioVersion = 16.0.30002.166
MinimumVisualStudioVersion = 10.0.40219.1
Project("{FAE04EC0-301F-11D3-BF4B-00C04F79EFBC}") = "DataAccessWithRepository", "DataAccessWithRepository.csproj", "{028E6CA0-2DAB-476A-9E4A-089327F5B781}"
EndProject
Global
	GlobalSection(SolutionConfigurationPlatforms) = preSolution
		Debug|Any CPU = Debug|Any CPU
		Release|Any CPU = Release|Any CPU
	EndGlobalSection
	GlobalSection(ProjectConfigurationPlatforms) = postSolution
		{028E6CA0-2DAB-476A-9E4A-089327F5B781}.Debug|Any CPU.ActiveCfg = Debug|Any CPU
		{028E6CA0-2DAB-476A-9E4A-089327F5B781}.Debug|Any CPU.Build.0 = Debug|Any CPU
		{028E6CA0-2DAB-476A-9E4A-089327F5B781}.Release|Any CPU.ActiveCfg = Release|Any CPU
		{028E6CA0-2DAB-476A-9E4A-089327F5B781}.Release|Any CPU.Build.0 = Release|Any CPU
	EndGlobalSection
	GlobalSection(SolutionProperties) = preSolution
		HideSolutionNode = FALSE
	EndGlobalSection
	GlobalSection(ExtensibilityGlobals) = postSolution
		SolutionGuid = {AD1C1AA5-DDC8-45C9-BAF2-8C2B37172A9A}
	EndGlobalSection
EndGlobal
